
Microsoft Visual Studio Solution File, Format Version 12.00
# Visual Studio Version 17
VisualStudioVersion = 17.14.36429.23
MinimumVisualStudioVersion = 10.0.40219.1
Project("{9A19103F-16F7-4668-BE54-9A1E7A4F7556}") = "EnterPassword", "EnterPassword\EnterPassword.csproj", "{2E0FA73B-D9C3-451F-BFAD-5FDCF403D04A}"
EndProject
Project("{9A19103F-16F7-4668-BE54-9A1E7A4F7556}") = "UKTaxCalculator", "UKTaxCalculator\UKTaxCalculator.csproj", "{17EC3464-ADE2-485B-8C97-F4835838D2C3}"
EndProject
Project("{9A19103F-16F7-4668-BE54-9A1E7A4F7556}") = "Quiz", "Quiz\Quiz.csproj", "{666A4506-07CA-4D5E-BA85-1ACAABCAB33B}"
EndProject
Project("{9A19103F-16F7-4668-BE54-9A1E7A4F7556}") = "RestrauntBillCalculator", "RestrauntBillCalculator\RestrauntBillCalculator.csproj", "{3C66234E-D197-4FFC-8FB9-26B5C3E76506}"
EndProject
Project("{9A19103F-16F7-4668-BE54-9A1E7A4F7556}") = "Cinema", "Cinema\Cinema.csproj", "{C18F129A-0584-48B7-B69A-9267BC6E2578}"
EndProject
Project("{9A19103F-16F7-4668-BE54-9A1E7A4F7556}") = "GuessANumber", "GuessANumber\GuessANumber.csproj", "{E9E34A8C-C72C-4CB6-A0A4-D59BF7C31248}"
EndProject
Project("{9A19103F-16F7-4668-BE54-9A1E7A4F7556}") = "ComputerGuesser", "ComputerGuesser\ComputerGuesser.csproj", "{CF17B08A-EB15-4A55-B68C-54C7C326188D}"
EndProject
Project("{9A19103F-16F7-4668-BE54-9A1E7A4F7556}") = "NGreenBottles", "NGreenBottles\NGreenBottles.csproj", "{92AF91F8-B93A-4E73-B11B-4A392C229CF1}"
EndProject
Project("{9A19103F-16F7-4668-BE54-9A1E7A4F7556}") = "NTUDegreeClassifier", "NTUDegreeClassifier\NTUDegreeClassifier.csproj", "{B7EC4508-B7A1-4021-97E9-EBC913C46F60}"
EndProject
Project("{FAE04EC0-301F-11D3-BF4B-00C04F79EFBC}") = "LiftController", "LiftController\LiftController.csproj", "{C0661D7F-F9C4-47EA-81DD-C2C536DE6AEF}"
EndProject
Project("{FAE04EC0-301F-11D3-BF4B-00C04F79EFBC}") = "GuessAWordGame", "GuessAWordGame\GuessAWordGame.csproj", "{374514D1-0825-4025-8B5A-32A7E5FC2DD2}"
EndProject
Project("{FAE04EC0-301F-11D3-BF4B-00C04F79EFBC}") = "GuessAWordUI", "GuessAWordUI\GuessAWordUI.csproj", "{F7A5A739-88D4-43B6-AD7E-C82C21A0A205}"
EndProject
Global
	GlobalSection(SolutionConfigurationPlatforms) = preSolution
		Debug|Any CPU = Debug|Any CPU
		Debug|x64 = Debug|x64
		Debug|x86 = Debug|x86
		Release|Any CPU = Release|Any CPU
		Release|x64 = Release|x64
		Release|x86 = Release|x86
	EndGlobalSection
	GlobalSection(ProjectConfigurationPlatforms) = postSolution
		{2E0FA73B-D9C3-451F-BFAD-5FDCF403D04A}.Debug|Any CPU.ActiveCfg = Debug|Any CPU
		{2E0FA73B-D9C3-451F-BFAD-5FDCF403D04A}.Debug|Any CPU.Build.0 = Debug|Any CPU
		{2E0FA73B-D9C3-451F-BFAD-5FDCF403D04A}.Debug|x64.ActiveCfg = Debug|Any CPU
		{2E0FA73B-D9C3-451F-BFAD-5FDCF403D04A}.Debug|x64.Build.0 = Debug|Any CPU
		{2E0FA73B-D9C3-451F-BFAD-5FDCF403D04A}.Debug|x86.ActiveCfg = Debug|Any CPU
		{2E0FA73B-D9C3-451F-BFAD-5FDCF403D04A}.Debug|x86.Build.0 = Debug|Any CPU
		{2E0FA73B-D9C3-451F-BFAD-5FDCF403D04A}.Release|Any CPU.ActiveCfg = Release|Any CPU
		{2E0FA73B-D9C3-451F-BFAD-5FDCF403D04A}.Release|Any CPU.Build.0 = Release|Any CPU
		{2E0FA73B-D9C3-451F-BFAD-5FDCF403D04A}.Release|x64.ActiveCfg = Release|Any CPU
		{2E0FA73B-D9C3-451F-BFAD-5FDCF403D04A}.Release|x64.Build.0 = Release|Any CPU
		{2E0FA73B-D9C3-451F-BFAD-5FDCF403D04A}.Release|x86.ActiveCfg = Release|Any CPU
		{2E0FA73B-D9C3-451F-BFAD-5FDCF403D04A}.Release|x86.Build.0 = Release|Any CPU
		{17EC3464-ADE2-485B-8C97-F4835838D2C3}.Debug|Any CPU.ActiveCfg = Debug|Any CPU
		{17EC3464-ADE2-485B-8C97-F4835838D2C3}.Debug|Any CPU.Build.0 = Debug|Any CPU
		{17EC3464-ADE2-485B-8C97-F4835838D2C3}.Debug|x64.ActiveCfg = Debug|Any CPU
		{17EC3464-ADE2-485B-8C97-F4835838D2C3}.Debug|x64.Build.0 = Debug|Any CPU
		{17EC3464-ADE2-485B-8C97-F4835838D2C3}.Debug|x86.ActiveCfg = Debug|Any CPU
		{17EC3464-ADE2-485B-8C97-F4835838D2C3}.Debug|x86.Build.0 = Debug|Any CPU
		{17EC3464-ADE2-485B-8C97-F4835838D2C3}.Release|Any CPU.ActiveCfg = Release|Any CPU
		{17EC3464-ADE2-485B-8C97-F4835838D2C3}.Release|Any CPU.Build.0 = Release|Any CPU
		{17EC3464-ADE2-485B-8C97-F4835838D2C3}.Release|x64.ActiveCfg = Release|Any CPU
		{17EC3464-ADE2-485B-8C97-F4835838D2C3}.Release|x64.Build.0 = Release|Any CPU
		{17EC3464-ADE2-485B-8C97-F4835838D2C3}.Release|x86.ActiveCfg = Release|Any CPU
		{17EC3464-ADE2-485B-8C97-F4835838D2C3}.Release|x86.Build.0 = Release|Any CPU
		{666A4506-07CA-4D5E-BA85-1ACAABCAB33B}.Debug|Any CPU.ActiveCfg = Debug|Any CPU
		{666A4506-07CA-4D5E-BA85-1ACAABCAB33B}.Debug|Any CPU.Build.0 = Debug|Any CPU
		{666A4506-07CA-4D5E-BA85-1ACAABCAB33B}.Debug|x64.ActiveCfg = Debug|Any CPU
		{666A4506-07CA-4D5E-BA85-1ACAABCAB33B}.Debug|x64.Build.0 = Debug|Any CPU
		{666A4506-07CA-4D5E-BA85-1ACAABCAB33B}.Debug|x86.ActiveCfg = Debug|Any CPU
		{666A4506-07CA-4D5E-BA85-1ACAABCAB33B}.Debug|x86.Build.0 = Debug|Any CPU
		{666A4506-07CA-4D5E-BA85-1ACAABCAB33B}.Release|Any CPU.ActiveCfg = Release|Any CPU
		{666A4506-07CA-4D5E-BA85-1ACAABCAB33B}.Release|Any CPU.Build.0 = Release|Any CPU
		{666A4506-07CA-4D5E-BA85-1ACAABCAB33B}.Release|x64.ActiveCfg = Release|Any CPU
		{666A4506-07CA-4D5E-BA85-1ACAABCAB33B}.Release|x64.Build.0 = Release|Any CPU
		{666A4506-07CA-4D5E-BA85-1ACAABCAB33B}.Release|x86.ActiveCfg = Release|Any CPU
		{666A4506-07CA-4D5E-BA85-1ACAABCAB33B}.Release|x86.Build.0 = Release|Any CPU
		{3C66234E-D197-4FFC-8FB9-26B5C3E76506}.Debug|Any CPU.ActiveCfg = Debug|Any CPU
		{3C66234E-D197-4FFC-8FB9-26B5C3E76506}.Debug|Any CPU.Build.0 = Debug|Any CPU
		{3C66234E-D197-4FFC-8FB9-26B5C3E76506}.Debug|x64.ActiveCfg = Debug|Any CPU
		{3C66234E-D197-4FFC-8FB9-26B5C3E76506}.Debug|x64.Build.0 = Debug|Any CPU
		{3C66234E-D197-4FFC-8FB9-26B5C3E76506}.Debug|x86.ActiveCfg = Debug|Any CPU
		{3C66234E-D197-4FFC-8FB9-26B5C3E76506}.Debug|x86.Build.0 = Debug|Any CPU
		{3C66234E-D197-4FFC-8FB9-26B5C3E76506}.Release|Any CPU.ActiveCfg = Release|Any CPU
		{3C66234E-D197-4FFC-8FB9-26B5C3E76506}.Release|Any CPU.Build.0 = Release|Any CPU
		{3C66234E-D197-4FFC-8FB9-26B5C3E76506}.Release|x64.ActiveCfg = Release|Any CPU
		{3C66234E-D197-4FFC-8FB9-26B5C3E76506}.Release|x64.Build.0 = Release|Any CPU
		{3C66234E-D197-4FFC-8FB9-26B5C3E76506}.Release|x86.ActiveCfg = Release|Any CPU
		{3C66234E-D197-4FFC-8FB9-26B5C3E76506}.Release|x86.Build.0 = Release|Any CPU
		{C18F129A-0584-48B7-B69A-9267BC6E2578}.Debug|Any CPU.ActiveCfg = Debug|Any CPU
		{C18F129A-0584-48B7-B69A-9267BC6E2578}.Debug|Any CPU.Build.0 = Debug|Any CPU
		{C18F129A-0584-48B7-B69A-9267BC6E2578}.Debug|x64.ActiveCfg = Debug|Any CPU
		{C18F129A-0584-48B7-B69A-9267BC6E2578}.Debug|x64.Build.0 = Debug|Any CPU
		{C18F129A-0584-48B7-B69A-9267BC6E2578}.Debug|x86.ActiveCfg = Debug|Any CPU
		{C18F129A-0584-48B7-B69A-9267BC6E2578}.Debug|x86.Build.0 = Debug|Any CPU
		{C18F129A-0584-48B7-B69A-9267BC6E2578}.Release|Any CPU.ActiveCfg = Release|Any CPU
		{C18F129A-0584-48B7-B69A-9267BC6E2578}.Release|Any CPU.Build.0 = Release|Any CPU
		{C18F129A-0584-48B7-B69A-9267BC6E2578}.Release|x64.ActiveCfg = Release|Any CPU
		{C18F129A-0584-48B7-B69A-9267BC6E2578}.Release|x64.Build.0 = Release|Any CPU
		{C18F129A-0584-48B7-B69A-9267BC6E2578}.Release|x86.ActiveCfg = Release|Any CPU
		{C18F129A-0584-48B7-B69A-9267BC6E2578}.Release|x86.Build.0 = Release|Any CPU
		{E9E34A8C-C72C-4CB6-A0A4-D59BF7C31248}.Debug|Any CPU.ActiveCfg = Debug|Any CPU
		{E9E34A8C-C72C-4CB6-A0A4-D59BF7C31248}.Debug|Any CPU.Build.0 = Debug|Any CPU
		{E9E34A8C-C72C-4CB6-A0A4-D59BF7C31248}.Debug|x64.ActiveCfg = Debug|Any CPU
		{E9E34A8C-C72C-4CB6-A0A4-D59BF7C31248}.Debug|x64.Build.0 = Debug|Any CPU
		{E9E34A8C-C72C-4CB6-A0A4-D59BF7C31248}.Debug|x86.ActiveCfg = Debug|Any CPU
		{E9E34A8C-C72C-4CB6-A0A4-D59BF7C31248}.Debug|x86.Build.0 = Debug|Any CPU
		{E9E34A8C-C72C-4CB6-A0A4-D59BF7C31248}.Release|Any CPU.ActiveCfg = Release|Any CPU
		{E9E34A8C-C72C-4CB6-A0A4-D59BF7C31248}.Release|Any CPU.Build.0 = Release|Any CPU
		{E9E34A8C-C72C-4CB6-A0A4-D59BF7C31248}.Release|x64.ActiveCfg = Release|Any CPU
		{E9E34A8C-C72C-4CB6-A0A4-D59BF7C31248}.Release|x64.Build.0 = Release|Any CPU
		{E9E34A8C-C72C-4CB6-A0A4-D59BF7C31248}.Release|x86.ActiveCfg = Release|Any CPU
		{E9E34A8C-C72C-4CB6-A0A4-D59BF7C31248}.Release|x86.Build.0 = Release|Any CPU
		{CF17B08A-EB15-4A55-B68C-54C7C326188D}.Debug|Any CPU.ActiveCfg = Debug|Any CPU
		{CF17B08A-EB15-4A55-B68C-54C7C326188D}.Debug|Any CPU.Build.0 = Debug|Any CPU
		{CF17B08A-EB15-4A55-B68C-54C7C326188D}.Debug|x64.ActiveCfg = Debug|Any CPU
		{CF17B08A-EB15-4A55-B68C-54C7C326188D}.Debug|x64.Build.0 = Debug|Any CPU
		{CF17B08A-EB15-4A55-B68C-54C7C326188D}.Debug|x86.ActiveCfg = Debug|Any CPU
		{CF17B08A-EB15-4A55-B68C-54C7C326188D}.Debug|x86.Build.0 = Debug|Any CPU
		{CF17B08A-EB15-4A55-B68C-54C7C326188D}.Release|Any CPU.ActiveCfg = Release|Any CPU
		{CF17B08A-EB15-4A55-B68C-54C7C326188D}.Release|Any CPU.Build.0 = Release|Any CPU
		{CF17B08A-EB15-4A55-B68C-54C7C326188D}.Release|x64.ActiveCfg = Release|Any CPU
		{CF17B08A-EB15-4A55-B68C-54C7C326188D}.Release|x64.Build.0 = Release|Any CPU
		{CF17B08A-EB15-4A55-B68C-54C7C326188D}.Release|x86.ActiveCfg = Release|Any CPU
		{CF17B08A-EB15-4A55-B68C-54C7C326188D}.Release|x86.Build.0 = Release|Any CPU
		{92AF91F8-B93A-4E73-B11B-4A392C229CF1}.Debug|Any CPU.ActiveCfg = Debug|Any CPU
		{92AF91F8-B93A-4E73-B11B-4A392C229CF1}.Debug|Any CPU.Build.0 = Debug|Any CPU
		{92AF91F8-B93A-4E73-B11B-4A392C229CF1}.Debug|x64.ActiveCfg = Debug|Any CPU
		{92AF91F8-B93A-4E73-B11B-4A392C229CF1}.Debug|x64.Build.0 = Debug|Any CPU
		{92AF91F8-B93A-4E73-B11B-4A392C229CF1}.Debug|x86.ActiveCfg = Debug|Any CPU
		{92AF91F8-B93A-4E73-B11B-4A392C229CF1}.Debug|x86.Build.0 = Debug|Any CPU
		{92AF91F8-B93A-4E73-B11B-4A392C229CF1}.Release|Any CPU.ActiveCfg = Release|Any CPU
		{92AF91F8-B93A-4E73-B11B-4A392C229CF1}.Release|Any CPU.Build.0 = Release|Any CPU
		{92AF91F8-B93A-4E73-B11B-4A392C229CF1}.Release|x64.ActiveCfg = Release|Any CPU
		{92AF91F8-B93A-4E73-B11B-4A392C229CF1}.Release|x64.Build.0 = Release|Any CPU
		{92AF91F8-B93A-4E73-B11B-4A392C229CF1}.Release|x86.ActiveCfg = Release|Any CPU
		{92AF91F8-B93A-4E73-B11B-4A392C229CF1}.Release|x86.Build.0 = Release|Any CPU
		{B7EC4508-B7A1-4021-97E9-EBC913C46F60}.Debug|Any CPU.ActiveCfg = Debug|Any CPU
		{B7EC4508-B7A1-4021-97E9-EBC913C46F60}.Debug|Any CPU.Build.0 = Debug|Any CPU
		{B7EC4508-B7A1-4021-97E9-EBC913C46F60}.Debug|x64.ActiveCfg = Debug|Any CPU
		{B7EC4508-B7A1-4021-97E9-EBC913C46F60}.Debug|x64.Build.0 = Debug|Any CPU
		{B7EC4508-B7A1-4021-97E9-EBC913C46F60}.Debug|x86.ActiveCfg = Debug|Any CPU
		{B7EC4508-B7A1-4021-97E9-EBC913C46F60}.Debug|x86.Build.0 = Debug|Any CPU
		{B7EC4508-B7A1-4021-97E9-EBC913C46F60}.Release|Any CPU.ActiveCfg = Release|Any CPU
		{B7EC4508-B7A1-4021-97E9-EBC913C46F60}.Release|Any CPU.Build.0 = Release|Any CPU
		{B7EC4508-B7A1-4021-97E9-EBC913C46F60}.Release|x64.ActiveCfg = Release|Any CPU
		{B7EC4508-B7A1-4021-97E9-EBC913C46F60}.Release|x64.Build.0 = Release|Any CPU
		{B7EC4508-B7A1-4021-97E9-EBC913C46F60}.Release|x86.ActiveCfg = Release|Any CPU
		{B7EC4508-B7A1-4021-97E9-EBC913C46F60}.Release|x86.Build.0 = Release|Any CPU
		{C0661D7F-F9C4-47EA-81DD-C2C536DE6AEF}.Debug|Any CPU.ActiveCfg = Debug|Any CPU
		{C0661D7F-F9C4-47EA-81DD-C2C536DE6AEF}.Debug|Any CPU.Build.0 = Debug|Any CPU
		{C0661D7F-F9C4-47EA-81DD-C2C536DE6AEF}.Debug|x64.ActiveCfg = Debug|Any CPU
		{C0661D7F-F9C4-47EA-81DD-C2C536DE6AEF}.Debug|x64.Build.0 = Debug|Any CPU
		{C0661D7F-F9C4-47EA-81DD-C2C536DE6AEF}.Debug|x86.ActiveCfg = Debug|Any CPU
		{C0661D7F-F9C4-47EA-81DD-C2C536DE6AEF}.Debug|x86.Build.0 = Debug|Any CPU
		{C0661D7F-F9C4-47EA-81DD-C2C536DE6AEF}.Release|Any CPU.ActiveCfg = Release|Any CPU
		{C0661D7F-F9C4-47EA-81DD-C2C536DE6AEF}.Release|Any CPU.Build.0 = Release|Any CPU
		{C0661D7F-F9C4-47EA-81DD-C2C536DE6AEF}.Release|x64.ActiveCfg = Release|Any CPU
		{C0661D7F-F9C4-47EA-81DD-C2C536DE6AEF}.Release|x64.Build.0 = Release|Any CPU
		{C0661D7F-F9C4-47EA-81DD-C2C536DE6AEF}.Release|x86.ActiveCfg = Release|Any CPU
		{C0661D7F-F9C4-47EA-81DD-C2C536DE6AEF}.Release|x86.Build.0 = Release|Any CPU
		{374514D1-0825-4025-8B5A-32A7E5FC2DD2}.Debug|Any CPU.ActiveCfg = Debug|Any CPU
		{374514D1-0825-4025-8B5A-32A7E5FC2DD2}.Debug|Any CPU.Build.0 = Debug|Any CPU
		{374514D1-0825-4025-8B5A-32A7E5FC2DD2}.Debug|x64.ActiveCfg = Debug|Any CPU
		{374514D1-0825-4025-8B5A-32A7E5FC2DD2}.Debug|x64.Build.0 = Debug|Any CPU
		{374514D1-0825-4025-8B5A-32A7E5FC2DD2}.Debug|x86.ActiveCfg = Debug|Any CPU
		{374514D1-0825-4025-8B5A-32A7E5FC2DD2}.Debug|x86.Build.0 = Debug|Any CPU
		{374514D1-0825-4025-8B5A-32A7E5FC2DD2}.Release|Any CPU.ActiveCfg = Release|Any CPU
		{374514D1-0825-4025-8B5A-32A7E5FC2DD2}.Release|Any CPU.Build.0 = Release|Any CPU
		{374514D1-0825-4025-8B5A-32A7E5FC2DD2}.Release|x64.ActiveCfg = Release|Any CPU
		{374514D1-0825-4025-8B5A-32A7E5FC2DD2}.Release|x64.Build.0 = Release|Any CPU
		{374514D1-0825-4025-8B5A-32A7E5FC2DD2}.Release|x86.ActiveCfg = Release|Any CPU
		{374514D1-0825-4025-8B5A-32A7E5FC2DD2}.Release|x86.Build.0 = Release|Any CPU
		{F7A5A739-88D4-43B6-AD7E-C82C21A0A205}.Debug|Any CPU.ActiveCfg = Debug|Any CPU
		{F7A5A739-88D4-43B6-AD7E-C82C21A0A205}.Debug|Any CPU.Build.0 = Debug|Any CPU
		{F7A5A739-88D4-43B6-AD7E-C82C21A0A205}.Debug|x64.ActiveCfg = Debug|Any CPU
		{F7A5A739-88D4-43B6-AD7E-C82C21A0A205}.Debug|x64.Build.0 = Debug|Any CPU
		{F7A5A739-88D4-43B6-AD7E-C82C21A0A205}.Debug|x86.ActiveCfg = Debug|Any CPU
		{F7A5A739-88D4-43B6-AD7E-C82C21A0A205}.Debug|x86.Build.0 = Debug|Any CPU
		{F7A5A739-88D4-43B6-AD7E-C82C21A0A205}.Release|Any CPU.ActiveCfg = Release|Any CPU
		{F7A5A739-88D4-43B6-AD7E-C82C21A0A205}.Release|Any CPU.Build.0 = Release|Any CPU
		{F7A5A739-88D4-43B6-AD7E-C82C21A0A205}.Release|x64.ActiveCfg = Release|Any CPU
		{F7A5A739-88D4-43B6-AD7E-C82C21A0A205}.Release|x64.Build.0 = Release|Any CPU
		{F7A5A739-88D4-43B6-AD7E-C82C21A0A205}.Release|x86.ActiveCfg = Release|Any CPU
		{F7A5A739-88D4-43B6-AD7E-C82C21A0A205}.Release|x86.Build.0 = Release|Any CPU
	EndGlobalSection
	GlobalSection(SolutionProperties) = preSolution
		HideSolutionNode = FALSE
	EndGlobalSection
	GlobalSection(ExtensibilityGlobals) = postSolution
		SolutionGuid = {78F22473-EBA1-44DC-A03C-4DF4C7A64090}
	EndGlobalSection
EndGlobal
